
Microsoft Visual Studio Solution File, Format Version 12.00
# Visual Studio Version 17
VisualStudioVersion = 17.4.33110.190
MinimumVisualStudioVersion = 10.0.40219.1
Project("{FAE04EC0-301F-11D3-BF4B-00C04F79EFBC}") = "Bank", "Bank\Bank.csproj", "{041EDF15-BCAE-4F22-963A-A0BC27FD9D5D}"
EndProject
Global
	GlobalSection(SolutionConfigurationPlatforms) = preSolution
		Debug|Any CPU = Debug|Any CPU
		Release|Any CPU = Release|Any CPU
	EndGlobalSection
	GlobalSection(ProjectConfigurationPlatforms) = postSolution
		{041EDF15-BCAE-4F22-963A-A0BC27FD9D5D}.Debug|Any CPU.ActiveCfg = Debug|Any CPU
		{041EDF15-BCAE-4F22-963A-A0BC27FD9D5D}.Debug|Any CPU.Build.0 = Debug|Any CPU
		{041EDF15-BCAE-4F22-963A-A0BC27FD9D5D}.Release|Any CPU.ActiveCfg = Release|Any CPU
		{041EDF15-BCAE-4F22-963A-A0BC27FD9D5D}.Release|Any CPU.Build.0 = Release|Any CPU
	EndGlobalSection
	GlobalSection(SolutionProperties) = preSolution
		HideSolutionNode = FALSE
	EndGlobalSection
	GlobalSection(ExtensibilityGlobals) = postSolution
		SolutionGuid = {281F11FA-4BF6-493E-AC05-B17F0DCBAC27}
	EndGlobalSection
EndGlobal
